// !$*UTF8*$!
{
	archiveVersion = 1;
	classes = {
	};
	objectVersion = 46;
	objects = {

/* Begin PBXBuildFile section */
		9D62D99C1F25498D00F9D3FE /* Constants.swift in Sources */ = {isa = PBXBuildFile; fileRef = 9D62D99B1F25498D00F9D3FE /* Constants.swift */; };
		9D62D99E1F254BBE00F9D3FE /* MainVC.swift in Sources */ = {isa = PBXBuildFile; fileRef = 9D62D99D1F254BBE00F9D3FE /* MainVC.swift */; };
		9D62D9A11F282D2600F9D3FE /* DataService.swift in Sources */ = {isa = PBXBuildFile; fileRef = 9D62D9A01F282D2600F9D3FE /* DataService.swift */; };
		9D633C711F20354F0002BEB0 /* GoogleService-Info.plist in Resources */ = {isa = PBXBuildFile; fileRef = 9D633C701F20354F0002BEB0 /* GoogleService-Info.plist */; };
		9D8EE4511F1DA2850079859A /* SignupVC.swift in Sources */ = {isa = PBXBuildFile; fileRef = 9D8EE4501F1DA2850079859A /* SignupVC.swift */; };
		9DBF73421F145EE50015FC73 /* AppDelegate.swift in Sources */ = {isa = PBXBuildFile; fileRef = 9DBF73411F145EE50015FC73 /* AppDelegate.swift */; };
		9DBF73441F145EE50015FC73 /* SplashVC.swift in Sources */ = {isa = PBXBuildFile; fileRef = 9DBF73431F145EE50015FC73 /* SplashVC.swift */; };
		9DBF73471F145EE50015FC73 /* Main.storyboard in Resources */ = {isa = PBXBuildFile; fileRef = 9DBF73451F145EE50015FC73 /* Main.storyboard */; };
		9DBF73491F145EE50015FC73 /* Assets.xcassets in Resources */ = {isa = PBXBuildFile; fileRef = 9DBF73481F145EE50015FC73 /* Assets.xcassets */; };
		9DBF734C1F145EE50015FC73 /* LaunchScreen.storyboard in Resources */ = {isa = PBXBuildFile; fileRef = 9DBF734A1F145EE50015FC73 /* LaunchScreen.storyboard */; };
		9DD78FBE1F1C33FE00365126 /* LoginVC.swift in Sources */ = {isa = PBXBuildFile; fileRef = 9DD78FBD1F1C33FE00365126 /* LoginVC.swift */; };
		BA17BCD56A5111E0DE4581F4 /* Pods_threegoodthings.framework in Frameworks */ = {isa = PBXBuildFile; fileRef = FD07E0A7CB64CC4004300AC5 /* Pods_threegoodthings.framework */; };
/* End PBXBuildFile section */

/* Begin PBXFileReference section */
		1C464E50FF6C1F321E8B668C /* Pods-threegoodthings.release.xcconfig */ = {isa = PBXFileReference; includeInIndex = 1; lastKnownFileType = text.xcconfig; name = "Pods-threegoodthings.release.xcconfig"; path = "Pods/Target Support Files/Pods-threegoodthings/Pods-threegoodthings.release.xcconfig"; sourceTree = "<group>"; };
		9D62D99B1F25498D00F9D3FE /* Constants.swift */ = {isa = PBXFileReference; fileEncoding = 4; lastKnownFileType = sourcecode.swift; path = Constants.swift; sourceTree = "<group>"; };
		9D62D99D1F254BBE00F9D3FE /* MainVC.swift */ = {isa = PBXFileReference; fileEncoding = 4; lastKnownFileType = sourcecode.swift; path = MainVC.swift; sourceTree = "<group>"; };
		9D62D9A01F282D2600F9D3FE /* DataService.swift */ = {isa = PBXFileReference; fileEncoding = 4; lastKnownFileType = sourcecode.swift; path = DataService.swift; sourceTree = "<group>"; };
		9D633C701F20354F0002BEB0 /* GoogleService-Info.plist */ = {isa = PBXFileReference; fileEncoding = 4; lastKnownFileType = text.plist.xml; path = "GoogleService-Info.plist"; sourceTree = "<group>"; };
		9D8EE4501F1DA2850079859A /* SignupVC.swift */ = {isa = PBXFileReference; fileEncoding = 4; lastKnownFileType = sourcecode.swift; path = SignupVC.swift; sourceTree = "<group>"; };
		9DBF733E1F145EE50015FC73 /* threegoodthings.app */ = {isa = PBXFileReference; explicitFileType = wrapper.application; includeInIndex = 0; path = threegoodthings.app; sourceTree = BUILT_PRODUCTS_DIR; };
		9DBF73411F145EE50015FC73 /* AppDelegate.swift */ = {isa = PBXFileReference; lastKnownFileType = sourcecode.swift; path = AppDelegate.swift; sourceTree = "<group>"; };
		9DBF73431F145EE50015FC73 /* SplashVC.swift */ = {isa = PBXFileReference; lastKnownFileType = sourcecode.swift; path = SplashVC.swift; sourceTree = "<group>"; };
		9DBF73461F145EE50015FC73 /* Base */ = {isa = PBXFileReference; lastKnownFileType = file.storyboard; name = Base; path = Base.lproj/Main.storyboard; sourceTree = "<group>"; };
		9DBF73481F145EE50015FC73 /* Assets.xcassets */ = {isa = PBXFileReference; lastKnownFileType = folder.assetcatalog; path = Assets.xcassets; sourceTree = "<group>"; };
		9DBF734B1F145EE50015FC73 /* Base */ = {isa = PBXFileReference; lastKnownFileType = file.storyboard; name = Base; path = Base.lproj/LaunchScreen.storyboard; sourceTree = "<group>"; };
		9DBF734D1F145EE50015FC73 /* Info.plist */ = {isa = PBXFileReference; lastKnownFileType = text.plist.xml; path = Info.plist; sourceTree = "<group>"; };
		9DD78FBD1F1C33FE00365126 /* LoginVC.swift */ = {isa = PBXFileReference; fileEncoding = 4; lastKnownFileType = sourcecode.swift; path = LoginVC.swift; sourceTree = "<group>"; };
		E69E86E4E6983EE0C4B4612F /* Pods-threegoodthings.debug.xcconfig */ = {isa = PBXFileReference; includeInIndex = 1; lastKnownFileType = text.xcconfig; name = "Pods-threegoodthings.debug.xcconfig"; path = "Pods/Target Support Files/Pods-threegoodthings/Pods-threegoodthings.debug.xcconfig"; sourceTree = "<group>"; };
		FD07E0A7CB64CC4004300AC5 /* Pods_threegoodthings.framework */ = {isa = PBXFileReference; explicitFileType = wrapper.framework; includeInIndex = 0; path = Pods_threegoodthings.framework; sourceTree = BUILT_PRODUCTS_DIR; };
/* End PBXFileReference section */

/* Begin PBXFrameworksBuildPhase section */
		9DBF733B1F145EE50015FC73 /* Frameworks */ = {
			isa = PBXFrameworksBuildPhase;
			buildActionMask = 2147483647;
			files = (
				BA17BCD56A5111E0DE4581F4 /* Pods_threegoodthings.framework in Frameworks */,
			);
			runOnlyForDeploymentPostprocessing = 0;
		};
/* End PBXFrameworksBuildPhase section */

/* Begin PBXGroup section */
		68142E9BC9B77B19CBFF06C0 /* Frameworks */ = {
			isa = PBXGroup;
			children = (
				FD07E0A7CB64CC4004300AC5 /* Pods_threegoodthings.framework */,
			);
			name = Frameworks;
			sourceTree = "<group>";
		};
		6D1D980169FFAA7B562949E4 /* Pods */ = {
			isa = PBXGroup;
			children = (
				E69E86E4E6983EE0C4B4612F /* Pods-threegoodthings.debug.xcconfig */,
				1C464E50FF6C1F321E8B668C /* Pods-threegoodthings.release.xcconfig */,
			);
			name = Pods;
			sourceTree = "<group>";
		};
		9D62D9961F2037F800F9D3FE /* Model */ = {
			isa = PBXGroup;
			children = (
			);
			name = Model;
			sourceTree = "<group>";
		};
		9D62D9971F2037FE00F9D3FE /* View */ = {
			isa = PBXGroup;
			children = (
			);
			name = View;
			sourceTree = "<group>";
		};
		9D62D9981F20380300F9D3FE /* Controller */ = {
			isa = PBXGroup;
			children = (
				9DBF73431F145EE50015FC73 /* SplashVC.swift */,
				9DD78FBD1F1C33FE00365126 /* LoginVC.swift */,
				9D8EE4501F1DA2850079859A /* SignupVC.swift */,
				9D62D99D1F254BBE00F9D3FE /* MainVC.swift */,
			);
			name = Controller;
			sourceTree = "<group>";
		};
		9D62D99A1F25495B00F9D3FE /* Util */ = {
			isa = PBXGroup;
			children = (
				9D62D99B1F25498D00F9D3FE /* Constants.swift */,
			);
			name = Util;
			sourceTree = "<group>";
		};
		9D62D99F1F282CF500F9D3FE /* Services */ = {
			isa = PBXGroup;
			children = (
				9D62D9A01F282D2600F9D3FE /* DataService.swift */,
			);
			name = Services;
			sourceTree = "<group>";
		};
		9DBF73351F145EE50015FC73 = {
			isa = PBXGroup;
			children = (
				9DBF73401F145EE50015FC73 /* threegoodthings */,
				9DBF733F1F145EE50015FC73 /* Products */,
				68142E9BC9B77B19CBFF06C0 /* Frameworks */,
				6D1D980169FFAA7B562949E4 /* Pods */,
			);
			sourceTree = "<group>";
		};
		9DBF733F1F145EE50015FC73 /* Products */ = {
			isa = PBXGroup;
			children = (
				9DBF733E1F145EE50015FC73 /* threegoodthings.app */,
			);
			name = Products;
			sourceTree = "<group>";
		};
		9DBF73401F145EE50015FC73 /* threegoodthings */ = {
			isa = PBXGroup;
			children = (
				9D62D99F1F282CF500F9D3FE /* Services */,
				9D62D99A1F25495B00F9D3FE /* Util */,
				9D62D9961F2037F800F9D3FE /* Model */,
				9D62D9981F20380300F9D3FE /* Controller */,
				9D62D9971F2037FE00F9D3FE /* View */,
				9DBF73411F145EE50015FC73 /* AppDelegate.swift */,
				9DBF73451F145EE50015FC73 /* Main.storyboard */,
				9DBF73481F145EE50015FC73 /* Assets.xcassets */,
				9DBF734A1F145EE50015FC73 /* LaunchScreen.storyboard */,
				9DBF734D1F145EE50015FC73 /* Info.plist */,
				9D633C701F20354F0002BEB0 /* GoogleService-Info.plist */,
			);
			path = threegoodthings;
			sourceTree = "<group>";
		};
/* End PBXGroup section */

/* Begin PBXNativeTarget section */
		9DBF733D1F145EE50015FC73 /* threegoodthings */ = {
			isa = PBXNativeTarget;
			buildConfigurationList = 9DBF73501F145EE50015FC73 /* Build configuration list for PBXNativeTarget "threegoodthings" */;
			buildPhases = (
				131A8929721BE7040ED466B8 /* [CP] Check Pods Manifest.lock */,
				9DBF733A1F145EE50015FC73 /* Sources */,
				9DBF733B1F145EE50015FC73 /* Frameworks */,
				9DBF733C1F145EE50015FC73 /* Resources */,
				974A8FEB69FA668145E78DE2 /* [CP] Embed Pods Frameworks */,
				6A9A79A4BE08D41AA848BF35 /* [CP] Copy Pods Resources */,
			);
			buildRules = (
			);
			dependencies = (
			);
			name = threegoodthings;
			productName = threegoodthings;
			productReference = 9DBF733E1F145EE50015FC73 /* threegoodthings.app */;
			productType = "com.apple.product-type.application";
		};
/* End PBXNativeTarget section */

/* Begin PBXProject section */
		9DBF73361F145EE50015FC73 /* Project object */ = {
			isa = PBXProject;
			attributes = {
				LastSwiftUpdateCheck = 0830;
				LastUpgradeCheck = 0830;
				ORGANIZATIONNAME = "Steven Buchko";
				TargetAttributes = {
					9DBF733D1F145EE50015FC73 = {
						CreatedOnToolsVersion = 8.3.3;
						ProvisioningStyle = Automatic;
					};
				};
			};
			buildConfigurationList = 9DBF73391F145EE50015FC73 /* Build configuration list for PBXProject "threegoodthings" */;
			compatibilityVersion = "Xcode 3.2";
			developmentRegion = English;
			hasScannedForEncodings = 0;
			knownRegions = (
				en,
				Base,
			);
			mainGroup = 9DBF73351F145EE50015FC73;
			productRefGroup = 9DBF733F1F145EE50015FC73 /* Products */;
			projectDirPath = "";
			projectRoot = "";
			targets = (
				9DBF733D1F145EE50015FC73 /* threegoodthings */,
			);
		};
/* End PBXProject section */

/* Begin PBXResourcesBuildPhase section */
		9DBF733C1F145EE50015FC73 /* Resources */ = {
			isa = PBXResourcesBuildPhase;
			buildActionMask = 2147483647;
			files = (
				9DBF734C1F145EE50015FC73 /* LaunchScreen.storyboard in Resources */,
				9D633C711F20354F0002BEB0 /* GoogleService-Info.plist in Resources */,
				9DBF73491F145EE50015FC73 /* Assets.xcassets in Resources */,
				9DBF73471F145EE50015FC73 /* Main.storyboard in Resources */,
			);
			runOnlyForDeploymentPostprocessing = 0;
		};
/* End PBXResourcesBuildPhase section */

/* Begin PBXShellScriptBuildPhase section */
		131A8929721BE7040ED466B8 /* [CP] Check Pods Manifest.lock */ = {
			isa = PBXShellScriptBuildPhase;
			buildActionMask = 2147483647;
			files = (
			);
			inputPaths = (
			);
			name = "[CP] Check Pods Manifest.lock";
			outputPaths = (
			);
			runOnlyForDeploymentPostprocessing = 0;
			shellPath = /bin/sh;
			shellScript = "diff \"${PODS_PODFILE_DIR_PATH}/Podfile.lock\" \"${PODS_ROOT}/Manifest.lock\" > /dev/null\nif [ $? != 0 ] ; then\n    # print error to STDERR\n    echo \"error: The sandbox is not in sync with the Podfile.lock. Run 'pod install' or update your CocoaPods installation.\" >&2\n    exit 1\nfi\n";
			showEnvVarsInLog = 0;
		};
		6A9A79A4BE08D41AA848BF35 /* [CP] Copy Pods Resources */ = {
			isa = PBXShellScriptBuildPhase;
			buildActionMask = 2147483647;
			files = (
			);
			inputPaths = (
			);
			name = "[CP] Copy Pods Resources";
			outputPaths = (
			);
			runOnlyForDeploymentPostprocessing = 0;
			shellPath = /bin/sh;
			shellScript = "\"${SRCROOT}/Pods/Target Support Files/Pods-threegoodthings/Pods-threegoodthings-resources.sh\"\n";
			showEnvVarsInLog = 0;
		};
		974A8FEB69FA668145E78DE2 /* [CP] Embed Pods Frameworks */ = {
			isa = PBXShellScriptBuildPhase;
			buildActionMask = 2147483647;
			files = (
			);
			inputPaths = (
			);
			name = "[CP] Embed Pods Frameworks";
			outputPaths = (
			);
			runOnlyForDeploymentPostprocessing = 0;
			shellPath = /bin/sh;
			shellScript = "\"${SRCROOT}/Pods/Target Support Files/Pods-threegoodthings/Pods-threegoodthings-frameworks.sh\"\n";
			showEnvVarsInLog = 0;
		};
/* End PBXShellScriptBuildPhase section */

/* Begin PBXSourcesBuildPhase section */
		9DBF733A1F145EE50015FC73 /* Sources */ = {
			isa = PBXSourcesBuildPhase;
			buildActionMask = 2147483647;
			files = (
				9D62D99C1F25498D00F9D3FE /* Constants.swift in Sources */,
				9D62D9A11F282D2600F9D3FE /* DataService.swift in Sources */,
				9D62D99E1F254BBE00F9D3FE /* MainVC.swift in Sources */,
				9D8EE4511F1DA2850079859A /* SignupVC.swift in Sources */,
				9DBF73441F145EE50015FC73 /* SplashVC.swift in Sources */,
				9DBF73421F145EE50015FC73 /* AppDelegate.swift in Sources */,
				9DD78FBE1F1C33FE00365126 /* LoginVC.swift in Sources */,
			);
			runOnlyForDeploymentPostprocessing = 0;
		};
/* End PBXSourcesBuildPhase section */

/* Begin PBXVariantGroup section */
		9DBF73451F145EE50015FC73 /* Main.storyboard */ = {
			isa = PBXVariantGroup;
			children = (
				9DBF73461F145EE50015FC73 /* Base */,
			);
			name = Main.storyboard;
			sourceTree = "<group>";
		};
		9DBF734A1F145EE50015FC73 /* LaunchScreen.storyboard */ = {
			isa = PBXVariantGroup;
			children = (
				9DBF734B1F145EE50015FC73 /* Base */,
			);
			name = LaunchScreen.storyboard;
			sourceTree = "<group>";
		};
/* End PBXVariantGroup section */

/* Begin XCBuildConfiguration section */
		9DBF734E1F145EE50015FC73 /* Debug */ = {
			isa = XCBuildConfiguration;
			buildSettings = {
				ALWAYS_SEARCH_USER_PATHS = NO;
				CLANG_ANALYZER_NONNULL = YES;
				CLANG_ANALYZER_NUMBER_OBJECT_CONVERSION = YES_AGGRESSIVE;
				CLANG_CXX_LANGUAGE_STANDARD = "gnu++0x";
				CLANG_CXX_LIBRARY = "libc++";
				CLANG_ENABLE_MODULES = YES;
				CLANG_ENABLE_OBJC_ARC = YES;
				CLANG_WARN_BOOL_CONVERSION = YES;
				CLANG_WARN_CONSTANT_CONVERSION = YES;
				CLANG_WARN_DIRECT_OBJC_ISA_USAGE = YES_ERROR;
				CLANG_WARN_DOCUMENTATION_COMMENTS = YES;
				CLANG_WARN_EMPTY_BODY = YES;
				CLANG_WARN_ENUM_CONVERSION = YES;
				CLANG_WARN_INFINITE_RECURSION = YES;
				CLANG_WARN_INT_CONVERSION = YES;
				CLANG_WARN_OBJC_ROOT_CLASS = YES_ERROR;
				CLANG_WARN_SUSPICIOUS_MOVE = YES;
				CLANG_WARN_UNREACHABLE_CODE = YES;
				CLANG_WARN__DUPLICATE_METHOD_MATCH = YES;
				"CODE_SIGN_IDENTITY[sdk=iphoneos*]" = "iPhone Developer";
				COPY_PHASE_STRIP = NO;
				DEBUG_INFORMATION_FORMAT = dwarf;
				ENABLE_STRICT_OBJC_MSGSEND = YES;
				ENABLE_TESTABILITY = YES;
				GCC_C_LANGUAGE_STANDARD = gnu99;
				GCC_DYNAMIC_NO_PIC = NO;
				GCC_NO_COMMON_BLOCKS = YES;
				GCC_OPTIMIZATION_LEVEL = 0;
				GCC_PREPROCESSOR_DEFINITIONS = (
					"DEBUG=1",
					"$(inherited)",
				);
				GCC_WARN_64_TO_32_BIT_CONVERSION = YES;
				GCC_WARN_ABOUT_RETURN_TYPE = YES_ERROR;
				GCC_WARN_UNDECLARED_SELECTOR = YES;
				GCC_WARN_UNINITIALIZED_AUTOS = YES_AGGRESSIVE;
				GCC_WARN_UNUSED_FUNCTION = YES;
				GCC_WARN_UNUSED_VARIABLE = YES;
				IPHONEOS_DEPLOYMENT_TARGET = 10.3;
				MTL_ENABLE_DEBUG_INFO = YES;
				ONLY_ACTIVE_ARCH = YES;
				SDKROOT = iphoneos;
				SWIFT_ACTIVE_COMPILATION_CONDITIONS = DEBUG;
				SWIFT_OPTIMIZATION_LEVEL = "-Onone";
				TARGETED_DEVICE_FAMILY = "1,2";
			};
			name = Debug;
		};
		9DBF734F1F145EE50015FC73 /* Release */ = {
			isa = XCBuildConfiguration;
			buildSettings = {
				ALWAYS_SEARCH_USER_PATHS = NO;
				CLANG_ANALYZER_NONNULL = YES;
				CLANG_ANALYZER_NUMBER_OBJECT_CONVERSION = YES_AGGRESSIVE;
				CLANG_CXX_LANGUAGE_STANDARD = "gnu++0x";
				CLANG_CXX_LIBRARY = "libc++";
				CLANG_ENABLE_MODULES = YES;
				CLANG_ENABLE_OBJC_ARC = YES;
				CLANG_WARN_BOOL_CONVERSION = YES;
				CLANG_WARN_CONSTANT_CONVERSION = YES;
				CLANG_WARN_DIRECT_OBJC_ISA_USAGE = YES_ERROR;
				CLANG_WARN_DOCUMENTATION_COMMENTS = YES;
				CLANG_WARN_EMPTY_BODY = YES;
				CLANG_WARN_ENUM_CONVERSION = YES;
				CLANG_WARN_INFINITE_RECURSION = YES;
				CLANG_WARN_INT_CONVERSION = YES;
				CLANG_WARN_OBJC_ROOT_CLASS = YES_ERROR;
				CLANG_WARN_SUSPICIOUS_MOVE = YES;
				CLANG_WARN_UNREACHABLE_CODE = YES;
				CLANG_WARN__DUPLICATE_METHOD_MATCH = YES;
				"CODE_SIGN_IDENTITY[sdk=iphoneos*]" = "iPhone Developer";
				COPY_PHASE_STRIP = NO;
				DEBUG_INFORMATION_FORMAT = "dwarf-with-dsym";
				ENABLE_NS_ASSERTIONS = NO;
				ENABLE_STRICT_OBJC_MSGSEND = YES;
				GCC_C_LANGUAGE_STANDARD = gnu99;
				GCC_NO_COMMON_BLOCKS = YES;
				GCC_WARN_64_TO_32_BIT_CONVERSION = YES;
				GCC_WARN_ABOUT_RETURN_TYPE = YES_ERROR;
				GCC_WARN_UNDECLARED_SELECTOR = YES;
				GCC_WARN_UNINITIALIZED_AUTOS = YES_AGGRESSIVE;
				GCC_WARN_UNUSED_FUNCTION = YES;
				GCC_WARN_UNUSED_VARIABLE = YES;
				IPHONEOS_DEPLOYMENT_TARGET = 10.3;
				MTL_ENABLE_DEBUG_INFO = NO;
				SDKROOT = iphoneos;
				SWIFT_OPTIMIZATION_LEVEL = "-Owholemodule";
				TARGETED_DEVICE_FAMILY = "1,2";
				VALIDATE_PRODUCT = YES;
			};
			name = Release;
		};
		9DBF73511F145EE50015FC73 /* Debug */ = {
			isa = XCBuildConfiguration;
			baseConfigurationReference = E69E86E4E6983EE0C4B4612F /* Pods-threegoodthings.debug.xcconfig */;
			buildSettings = {
				ASSETCATALOG_COMPILER_APPICON_NAME = AppIcon;
				INFOPLIST_FILE = threegoodthings/Info.plist;
				LD_RUNPATH_SEARCH_PATHS = "$(inherited) @executable_path/Frameworks";
				PRODUCT_BUNDLE_IDENTIFIER = stevenbuchko.threegoodthings;
				PRODUCT_NAME = "$(TARGET_NAME)";
				SWIFT_VERSION = 3.0;
			};
			name = Debug;
		};
		9DBF73521F145EE50015FC73 /* Release */ = {
			isa = XCBuildConfiguration;
			baseConfigurationReference = 1C464E50FF6C1F321E8B668C /* Pods-threegoodthings.release.xcconfig */;
			buildSettings = {
				ASSETCATALOG_COMPILER_APPICON_NAME = AppIcon;
				INFOPLIST_FILE = threegoodthings/Info.plist;
				LD_RUNPATH_SEARCH_PATHS = "$(inherited) @executable_path/Frameworks";
				PRODUCT_BUNDLE_IDENTIFIER = stevenbuchko.threegoodthings;
				PRODUCT_NAME = "$(TARGET_NAME)";
				SWIFT_VERSION = 3.0;
			};
			name = Release;
		};
/* End XCBuildConfiguration section */

/* Begin XCConfigurationList section */
		9DBF73391F145EE50015FC73 /* Build configuration list for PBXProject "threegoodthings" */ = {
			isa = XCConfigurationList;
			buildConfigurations = (
				9DBF734E1F145EE50015FC73 /* Debug */,
				9DBF734F1F145EE50015FC73 /* Release */,
			);
			defaultConfigurationIsVisible = 0;
			defaultConfigurationName = Release;
		};
		9DBF73501F145EE50015FC73 /* Build configuration list for PBXNativeTarget "threegoodthings" */ = {
			isa = XCConfigurationList;
			buildConfigurations = (
				9DBF73511F145EE50015FC73 /* Debug */,
				9DBF73521F145EE50015FC73 /* Release */,
			);
			defaultConfigurationIsVisible = 0;
			defaultConfigurationName = Release;
		};
/* End XCConfigurationList section */
	};
	rootObject = 9DBF73361F145EE50015FC73 /* Project object */;
}
